
Microsoft Visual Studio Solution File, Format Version 12.00
# Visual Studio 14
VisualStudioVersion = 14.0.25420.1
MinimumVisualStudioVersion = 10.0.40219.1
Project("{FAE04EC0-301F-11D3-BF4B-00C04F79EFBC}") = "EnterpriseLibraryCacheDemo", "EnterpriseLibraryCacheDemo.csproj", "{A27CB25B-5435-4650-B679-0F720C33B778}"
EndProject
Global
	GlobalSection(SolutionConfigurationPlatforms) = preSolution
		Debug|Any CPU = Debug|Any CPU
		Release|Any CPU = Release|Any CPU
	EndGlobalSection
	GlobalSection(ProjectConfigurationPlatforms) = postSolution
		{A27CB25B-5435-4650-B679-0F720C33B778}.Debug|Any CPU.ActiveCfg = Debug|Any CPU
		{A27CB25B-5435-4650-B679-0F720C33B778}.Debug|Any CPU.Build.0 = Debug|Any CPU
		{A27CB25B-5435-4650-B679-0F720C33B778}.Release|Any CPU.ActiveCfg = Release|Any CPU
		{A27CB25B-5435-4650-B679-0F720C33B778}.Release|Any CPU.Build.0 = Release|Any CPU
	EndGlobalSection
	GlobalSection(SolutionProperties) = preSolution
		HideSolutionNode = FALSE
	EndGlobalSection
EndGlobal
